
Microsoft Visual Studio Solution File, Format Version 11.00
# Visual Studio 2010
Project("{FAE04EC0-301F-11D3-BF4B-00C04F79EFBC}") = "UnityEngine.UI", "UnityEngine.UI.csproj", "{04fdf27c-716f-4a18-e98d-5edc3f7b8e7e}"
EndProject
Project("{FAE04EC0-301F-11D3-BF4B-00C04F79EFBC}") = "Assembly-CSharp", "Assembly-CSharp.csproj", "{4e7f65fa-ea62-220a-0500-fad5e1b753ea}"
EndProject
Project("{FAE04EC0-301F-11D3-BF4B-00C04F79EFBC}") = "Unity.2D.Tilemap.Extras", "Unity.2D.Tilemap.Extras.csproj", "{d18f2217-1dfb-1038-5daf-3f8fafb9de82}"
EndProject
Project("{FAE04EC0-301F-11D3-BF4B-00C04F79EFBC}") = "Unity.2D.Sprite.Editor", "Unity.2D.Sprite.Editor.csproj", "{0070e4a8-3ba5-d885-acd3-b6ad7d8f9486}"
EndProject
Project("{FAE04EC0-301F-11D3-BF4B-00C04F79EFBC}") = "UnityEditor.UI", "UnityEditor.UI.csproj", "{30da3ab3-44e4-94b4-950b-353ff617480c}"
EndProject
Project("{FAE04EC0-301F-11D3-BF4B-00C04F79EFBC}") = "Unity.2D.Tilemap.Extras.Editor", "Unity.2D.Tilemap.Extras.Editor.csproj", "{6bcb6b92-a63a-0ea9-c2b8-0b2959a4c50d}"
EndProject
Project("{FAE04EC0-301F-11D3-BF4B-00C04F79EFBC}") = "Unity.2D.Tilemap.Editor", "Unity.2D.Tilemap.Editor.csproj", "{3af86c64-ace2-c468-b4d9-53966051c71f}"
EndProject
Project("{FAE04EC0-301F-11D3-BF4B-00C04F79EFBC}") = "Unity.2D.Tilemap.Extras.Placeholder.EditorTests", "Unity.2D.Tilemap.Extras.Placeholder.EditorTests.csproj", "{bf3240e3-8471-6e20-5be0-d891f9d4a7fa}"
EndProject
Project("{FAE04EC0-301F-11D3-BF4B-00C04F79EFBC}") = "Assembly-CSharp-Editor", "Assembly-CSharp-Editor.csproj", "{cf7f9abf-c176-9595-7243-5fd4a95d6313}"
EndProject
Global
	GlobalSection(SolutionConfigurationPlatforms) = preSolution
		Debug|Any CPU = Debug|Any CPU
	EndGlobalSection
	GlobalSection(ProjectConfigurationPlatforms) = postSolution
		{04fdf27c-716f-4a18-e98d-5edc3f7b8e7e}.Debug|Any CPU.ActiveCfg = Debug|Any CPU
		{04fdf27c-716f-4a18-e98d-5edc3f7b8e7e}.Debug|Any CPU.Build.0 = Debug|Any CPU
		{4e7f65fa-ea62-220a-0500-fad5e1b753ea}.Debug|Any CPU.ActiveCfg = Debug|Any CPU
		{4e7f65fa-ea62-220a-0500-fad5e1b753ea}.Debug|Any CPU.Build.0 = Debug|Any CPU
		{d18f2217-1dfb-1038-5daf-3f8fafb9de82}.Debug|Any CPU.ActiveCfg = Debug|Any CPU
		{d18f2217-1dfb-1038-5daf-3f8fafb9de82}.Debug|Any CPU.Build.0 = Debug|Any CPU
		{0070e4a8-3ba5-d885-acd3-b6ad7d8f9486}.Debug|Any CPU.ActiveCfg = Debug|Any CPU
		{0070e4a8-3ba5-d885-acd3-b6ad7d8f9486}.Debug|Any CPU.Build.0 = Debug|Any CPU
		{30da3ab3-44e4-94b4-950b-353ff617480c}.Debug|Any CPU.ActiveCfg = Debug|Any CPU
		{30da3ab3-44e4-94b4-950b-353ff617480c}.Debug|Any CPU.Build.0 = Debug|Any CPU
		{6bcb6b92-a63a-0ea9-c2b8-0b2959a4c50d}.Debug|Any CPU.ActiveCfg = Debug|Any CPU
		{6bcb6b92-a63a-0ea9-c2b8-0b2959a4c50d}.Debug|Any CPU.Build.0 = Debug|Any CPU
		{3af86c64-ace2-c468-b4d9-53966051c71f}.Debug|Any CPU.ActiveCfg = Debug|Any CPU
		{3af86c64-ace2-c468-b4d9-53966051c71f}.Debug|Any CPU.Build.0 = Debug|Any CPU
		{bf3240e3-8471-6e20-5be0-d891f9d4a7fa}.Debug|Any CPU.ActiveCfg = Debug|Any CPU
		{bf3240e3-8471-6e20-5be0-d891f9d4a7fa}.Debug|Any CPU.Build.0 = Debug|Any CPU
		{cf7f9abf-c176-9595-7243-5fd4a95d6313}.Debug|Any CPU.ActiveCfg = Debug|Any CPU
		{cf7f9abf-c176-9595-7243-5fd4a95d6313}.Debug|Any CPU.Build.0 = Debug|Any CPU
	EndGlobalSection
	GlobalSection(SolutionProperties) = preSolution
		HideSolutionNode = FALSE
	EndGlobalSection
EndGlobal
