
Microsoft Visual Studio Solution File, Format Version 12.00
# Visual Studio 15
Project("{FAE04EC0-301F-11D3-BF4B-00C04F79EFBC}") = "MoreMountains.CorgiEngine", "MoreMountains.CorgiEngine.csproj", "{7D1E67E8-2386-4826-6958-598E1464FCF0}"
EndProject
Project("{FAE04EC0-301F-11D3-BF4B-00C04F79EFBC}") = "MoreMountains.Tools", "MoreMountains.Tools.csproj", "{BD180362-42AF-4C73-3461-D9CB6D7BA852}"
EndProject
Project("{FAE04EC0-301F-11D3-BF4B-00C04F79EFBC}") = "MoreMountains.Feedbacks", "MoreMountains.Feedbacks.csproj", "{8E5D2F9E-0D15-13F8-DFE3-9F40DF034CA9}"
EndProject
Project("{FAE04EC0-301F-11D3-BF4B-00C04F79EFBC}") = "MoreMountains.InventoryEngine", "MoreMountains.InventoryEngine.csproj", "{6AC2C4B3-5419-ABE8-1D63-C1B2142D2ED9}"
EndProject
Project("{FAE04EC0-301F-11D3-BF4B-00C04F79EFBC}") = "MoreMountains.Feedbacks.PostProcessing", "MoreMountains.Feedbacks.PostProcessing.csproj", "{D92118BF-06F3-3F5B-E736-D0C0A8673662}"
EndProject
Project("{FAE04EC0-301F-11D3-BF4B-00C04F79EFBC}") = "MoreMountains.CorgiEngine.Demos", "MoreMountains.CorgiEngine.Demos.csproj", "{5C125908-8994-4027-412C-FB6363B26C45}"
EndProject
Project("{FAE04EC0-301F-11D3-BF4B-00C04F79EFBC}") = "MoreMountains.Feedbacks.MMTools", "MoreMountains.Feedbacks.MMTools.csproj", "{94671D45-13D3-4C0A-F5A3-297065A93C94}"
EndProject
Project("{FAE04EC0-301F-11D3-BF4B-00C04F79EFBC}") = "Assembly-CSharp", "Assembly-CSharp.csproj", "{4D26077F-CF13-7A45-AC2F-7904D64B6F39}"
EndProject
Project("{FAE04EC0-301F-11D3-BF4B-00C04F79EFBC}") = "MoreMountains.InventoryEngine.Demos", "MoreMountains.InventoryEngine.Demos.csproj", "{EAE1A26D-0E03-B4C6-61EC-CC6611781780}"
EndProject
Project("{FAE04EC0-301F-11D3-BF4B-00C04F79EFBC}") = "MoreMountains.Interface", "MoreMountains.Interface.csproj", "{D8C63B5E-97B1-C103-4EE0-38DC821BF84C}"
EndProject
Project("{FAE04EC0-301F-11D3-BF4B-00C04F79EFBC}") = "MoreMountains.Feedbacks.Cinemachine", "MoreMountains.Feedbacks.Cinemachine.csproj", "{399BADDB-DBDB-9DC6-E27A-AECE35F73949}"
EndProject
Project("{FAE04EC0-301F-11D3-BF4B-00C04F79EFBC}") = "MoreMountains.Tools.Feedbacks", "MoreMountains.Tools.Feedbacks.csproj", "{BFACD46F-9437-10E8-D4D1-5CFD67176AE1}"
EndProject
Project("{FAE04EC0-301F-11D3-BF4B-00C04F79EFBC}") = "MoreMountains.CorgiEngine.Cinemachine", "MoreMountains.CorgiEngine.Cinemachine.csproj", "{94F25384-5984-C1A3-CC69-D1A7DDBFAE35}"
EndProject
Project("{FAE04EC0-301F-11D3-BF4B-00C04F79EFBC}") = "MoreMountains.Tools.Cinemachine", "MoreMountains.Tools.Cinemachine.csproj", "{969BCCCD-A499-CF68-101F-BF5436F951FD}"
EndProject
Project("{FAE04EC0-301F-11D3-BF4B-00C04F79EFBC}") = "MoreMountains.Tools.Editor", "MoreMountains.Tools.Editor.csproj", "{98E968DE-1CEE-4264-8BF8-2AFD5DEF5D4F}"
EndProject
Project("{FAE04EC0-301F-11D3-BF4B-00C04F79EFBC}") = "MoreMountains.Feedbacks.Editor", "MoreMountains.Feedbacks.Editor.csproj", "{1B08C04E-A1BA-286E-E60A-17D90F3A4EDC}"
EndProject
Project("{FAE04EC0-301F-11D3-BF4B-00C04F79EFBC}") = "MoreMountains.CorgiEngine.Cinemachine.Editor", "MoreMountains.CorgiEngine.Cinemachine.Editor.csproj", "{41EACE80-90D8-00FC-CA35-67C6B8B80ACA}"
EndProject
Project("{FAE04EC0-301F-11D3-BF4B-00C04F79EFBC}") = "MoreMountains.InventoryEngine.Editor", "MoreMountains.InventoryEngine.Editor.csproj", "{A98E505F-F5EC-D18A-8F3F-F3A56F8957D7}"
EndProject
Project("{FAE04EC0-301F-11D3-BF4B-00C04F79EFBC}") = "MoreMountains.Interface.Editor", "MoreMountains.Interface.Editor.csproj", "{23B560B4-AAE4-12FB-CB6D-BD1DF6A2013F}"
EndProject
Project("{FAE04EC0-301F-11D3-BF4B-00C04F79EFBC}") = "MoreMountains.CorgiEngine.Demos.Editor", "MoreMountains.CorgiEngine.Demos.Editor.csproj", "{46A26DAD-961F-03AC-CD3A-D37196B96531}"
EndProject
Project("{FAE04EC0-301F-11D3-BF4B-00C04F79EFBC}") = "MoreMountains.CorgiEngine.Editor", "MoreMountains.CorgiEngine.Editor.csproj", "{2435948A-C5AC-4DEB-E179-5CD87F8A96FD}"
EndProject
Project("{FAE04EC0-301F-11D3-BF4B-00C04F79EFBC}") = "Assembly-CSharp-Editor", "Assembly-CSharp-Editor.csproj", "{2D59CD4E-86E9-C75E-EAF8-79C5FD2C87AD}"
EndProject
Project("{FAE04EC0-301F-11D3-BF4B-00C04F79EFBC}") = "MoreMountains.Tools.Feedbacks.Editor", "MoreMountains.Tools.Feedbacks.Editor.csproj", "{84CA7B86-7807-1941-4810-2A4BF7043185}"
EndProject
Global
	GlobalSection(SolutionConfigurationPlatforms) = preSolution
		Debug|Any CPU = Debug|Any CPU
		Release|Any CPU = Release|Any CPU
	EndGlobalSection
	GlobalSection(ProjectConfigurationPlatforms) = postSolution
		{7D1E67E8-2386-4826-6958-598E1464FCF0}.Debug|Any CPU.ActiveCfg = Debug|Any CPU
		{7D1E67E8-2386-4826-6958-598E1464FCF0}.Debug|Any CPU.Build.0 = Debug|Any CPU
		{7D1E67E8-2386-4826-6958-598E1464FCF0}.Release|Any CPU.ActiveCfg = Release|Any CPU
		{7D1E67E8-2386-4826-6958-598E1464FCF0}.Release|Any CPU.Build.0 = Release|Any CPU
		{BD180362-42AF-4C73-3461-D9CB6D7BA852}.Debug|Any CPU.ActiveCfg = Debug|Any CPU
		{BD180362-42AF-4C73-3461-D9CB6D7BA852}.Debug|Any CPU.Build.0 = Debug|Any CPU
		{BD180362-42AF-4C73-3461-D9CB6D7BA852}.Release|Any CPU.ActiveCfg = Release|Any CPU
		{BD180362-42AF-4C73-3461-D9CB6D7BA852}.Release|Any CPU.Build.0 = Release|Any CPU
		{8E5D2F9E-0D15-13F8-DFE3-9F40DF034CA9}.Debug|Any CPU.ActiveCfg = Debug|Any CPU
		{8E5D2F9E-0D15-13F8-DFE3-9F40DF034CA9}.Debug|Any CPU.Build.0 = Debug|Any CPU
		{8E5D2F9E-0D15-13F8-DFE3-9F40DF034CA9}.Release|Any CPU.ActiveCfg = Release|Any CPU
		{8E5D2F9E-0D15-13F8-DFE3-9F40DF034CA9}.Release|Any CPU.Build.0 = Release|Any CPU
		{6AC2C4B3-5419-ABE8-1D63-C1B2142D2ED9}.Debug|Any CPU.ActiveCfg = Debug|Any CPU
		{6AC2C4B3-5419-ABE8-1D63-C1B2142D2ED9}.Debug|Any CPU.Build.0 = Debug|Any CPU
		{6AC2C4B3-5419-ABE8-1D63-C1B2142D2ED9}.Release|Any CPU.ActiveCfg = Release|Any CPU
		{6AC2C4B3-5419-ABE8-1D63-C1B2142D2ED9}.Release|Any CPU.Build.0 = Release|Any CPU
		{D92118BF-06F3-3F5B-E736-D0C0A8673662}.Debug|Any CPU.ActiveCfg = Debug|Any CPU
		{D92118BF-06F3-3F5B-E736-D0C0A8673662}.Debug|Any CPU.Build.0 = Debug|Any CPU
		{D92118BF-06F3-3F5B-E736-D0C0A8673662}.Release|Any CPU.ActiveCfg = Release|Any CPU
		{D92118BF-06F3-3F5B-E736-D0C0A8673662}.Release|Any CPU.Build.0 = Release|Any CPU
		{5C125908-8994-4027-412C-FB6363B26C45}.Debug|Any CPU.ActiveCfg = Debug|Any CPU
		{5C125908-8994-4027-412C-FB6363B26C45}.Debug|Any CPU.Build.0 = Debug|Any CPU
		{5C125908-8994-4027-412C-FB6363B26C45}.Release|Any CPU.ActiveCfg = Release|Any CPU
		{5C125908-8994-4027-412C-FB6363B26C45}.Release|Any CPU.Build.0 = Release|Any CPU
		{94671D45-13D3-4C0A-F5A3-297065A93C94}.Debug|Any CPU.ActiveCfg = Debug|Any CPU
		{94671D45-13D3-4C0A-F5A3-297065A93C94}.Debug|Any CPU.Build.0 = Debug|Any CPU
		{94671D45-13D3-4C0A-F5A3-297065A93C94}.Release|Any CPU.ActiveCfg = Release|Any CPU
		{94671D45-13D3-4C0A-F5A3-297065A93C94}.Release|Any CPU.Build.0 = Release|Any CPU
		{4D26077F-CF13-7A45-AC2F-7904D64B6F39}.Debug|Any CPU.ActiveCfg = Debug|Any CPU
		{4D26077F-CF13-7A45-AC2F-7904D64B6F39}.Debug|Any CPU.Build.0 = Debug|Any CPU
		{4D26077F-CF13-7A45-AC2F-7904D64B6F39}.Release|Any CPU.ActiveCfg = Release|Any CPU
		{4D26077F-CF13-7A45-AC2F-7904D64B6F39}.Release|Any CPU.Build.0 = Release|Any CPU
		{EAE1A26D-0E03-B4C6-61EC-CC6611781780}.Debug|Any CPU.ActiveCfg = Debug|Any CPU
		{EAE1A26D-0E03-B4C6-61EC-CC6611781780}.Debug|Any CPU.Build.0 = Debug|Any CPU
		{EAE1A26D-0E03-B4C6-61EC-CC6611781780}.Release|Any CPU.ActiveCfg = Release|Any CPU
		{EAE1A26D-0E03-B4C6-61EC-CC6611781780}.Release|Any CPU.Build.0 = Release|Any CPU
		{D8C63B5E-97B1-C103-4EE0-38DC821BF84C}.Debug|Any CPU.ActiveCfg = Debug|Any CPU
		{D8C63B5E-97B1-C103-4EE0-38DC821BF84C}.Debug|Any CPU.Build.0 = Debug|Any CPU
		{D8C63B5E-97B1-C103-4EE0-38DC821BF84C}.Release|Any CPU.ActiveCfg = Release|Any CPU
		{D8C63B5E-97B1-C103-4EE0-38DC821BF84C}.Release|Any CPU.Build.0 = Release|Any CPU
		{399BADDB-DBDB-9DC6-E27A-AECE35F73949}.Debug|Any CPU.ActiveCfg = Debug|Any CPU
		{399BADDB-DBDB-9DC6-E27A-AECE35F73949}.Debug|Any CPU.Build.0 = Debug|Any CPU
		{399BADDB-DBDB-9DC6-E27A-AECE35F73949}.Release|Any CPU.ActiveCfg = Release|Any CPU
		{399BADDB-DBDB-9DC6-E27A-AECE35F73949}.Release|Any CPU.Build.0 = Release|Any CPU
		{BFACD46F-9437-10E8-D4D1-5CFD67176AE1}.Debug|Any CPU.ActiveCfg = Debug|Any CPU
		{BFACD46F-9437-10E8-D4D1-5CFD67176AE1}.Debug|Any CPU.Build.0 = Debug|Any CPU
		{BFACD46F-9437-10E8-D4D1-5CFD67176AE1}.Release|Any CPU.ActiveCfg = Release|Any CPU
		{BFACD46F-9437-10E8-D4D1-5CFD67176AE1}.Release|Any CPU.Build.0 = Release|Any CPU
		{94F25384-5984-C1A3-CC69-D1A7DDBFAE35}.Debug|Any CPU.ActiveCfg = Debug|Any CPU
		{94F25384-5984-C1A3-CC69-D1A7DDBFAE35}.Debug|Any CPU.Build.0 = Debug|Any CPU
		{94F25384-5984-C1A3-CC69-D1A7DDBFAE35}.Release|Any CPU.ActiveCfg = Release|Any CPU
		{94F25384-5984-C1A3-CC69-D1A7DDBFAE35}.Release|Any CPU.Build.0 = Release|Any CPU
		{969BCCCD-A499-CF68-101F-BF5436F951FD}.Debug|Any CPU.ActiveCfg = Debug|Any CPU
		{969BCCCD-A499-CF68-101F-BF5436F951FD}.Debug|Any CPU.Build.0 = Debug|Any CPU
		{969BCCCD-A499-CF68-101F-BF5436F951FD}.Release|Any CPU.ActiveCfg = Release|Any CPU
		{969BCCCD-A499-CF68-101F-BF5436F951FD}.Release|Any CPU.Build.0 = Release|Any CPU
		{98E968DE-1CEE-4264-8BF8-2AFD5DEF5D4F}.Debug|Any CPU.ActiveCfg = Debug|Any CPU
		{98E968DE-1CEE-4264-8BF8-2AFD5DEF5D4F}.Debug|Any CPU.Build.0 = Debug|Any CPU
		{98E968DE-1CEE-4264-8BF8-2AFD5DEF5D4F}.Release|Any CPU.ActiveCfg = Release|Any CPU
		{98E968DE-1CEE-4264-8BF8-2AFD5DEF5D4F}.Release|Any CPU.Build.0 = Release|Any CPU
		{1B08C04E-A1BA-286E-E60A-17D90F3A4EDC}.Debug|Any CPU.ActiveCfg = Debug|Any CPU
		{1B08C04E-A1BA-286E-E60A-17D90F3A4EDC}.Debug|Any CPU.Build.0 = Debug|Any CPU
		{1B08C04E-A1BA-286E-E60A-17D90F3A4EDC}.Release|Any CPU.ActiveCfg = Release|Any CPU
		{1B08C04E-A1BA-286E-E60A-17D90F3A4EDC}.Release|Any CPU.Build.0 = Release|Any CPU
		{41EACE80-90D8-00FC-CA35-67C6B8B80ACA}.Debug|Any CPU.ActiveCfg = Debug|Any CPU
		{41EACE80-90D8-00FC-CA35-67C6B8B80ACA}.Debug|Any CPU.Build.0 = Debug|Any CPU
		{41EACE80-90D8-00FC-CA35-67C6B8B80ACA}.Release|Any CPU.ActiveCfg = Release|Any CPU
		{41EACE80-90D8-00FC-CA35-67C6B8B80ACA}.Release|Any CPU.Build.0 = Release|Any CPU
		{A98E505F-F5EC-D18A-8F3F-F3A56F8957D7}.Debug|Any CPU.ActiveCfg = Debug|Any CPU
		{A98E505F-F5EC-D18A-8F3F-F3A56F8957D7}.Debug|Any CPU.Build.0 = Debug|Any CPU
		{A98E505F-F5EC-D18A-8F3F-F3A56F8957D7}.Release|Any CPU.ActiveCfg = Release|Any CPU
		{A98E505F-F5EC-D18A-8F3F-F3A56F8957D7}.Release|Any CPU.Build.0 = Release|Any CPU
		{23B560B4-AAE4-12FB-CB6D-BD1DF6A2013F}.Debug|Any CPU.ActiveCfg = Debug|Any CPU
		{23B560B4-AAE4-12FB-CB6D-BD1DF6A2013F}.Debug|Any CPU.Build.0 = Debug|Any CPU
		{23B560B4-AAE4-12FB-CB6D-BD1DF6A2013F}.Release|Any CPU.ActiveCfg = Release|Any CPU
		{23B560B4-AAE4-12FB-CB6D-BD1DF6A2013F}.Release|Any CPU.Build.0 = Release|Any CPU
		{46A26DAD-961F-03AC-CD3A-D37196B96531}.Debug|Any CPU.ActiveCfg = Debug|Any CPU
		{46A26DAD-961F-03AC-CD3A-D37196B96531}.Debug|Any CPU.Build.0 = Debug|Any CPU
		{46A26DAD-961F-03AC-CD3A-D37196B96531}.Release|Any CPU.ActiveCfg = Release|Any CPU
		{46A26DAD-961F-03AC-CD3A-D37196B96531}.Release|Any CPU.Build.0 = Release|Any CPU
		{2435948A-C5AC-4DEB-E179-5CD87F8A96FD}.Debug|Any CPU.ActiveCfg = Debug|Any CPU
		{2435948A-C5AC-4DEB-E179-5CD87F8A96FD}.Debug|Any CPU.Build.0 = Debug|Any CPU
		{2435948A-C5AC-4DEB-E179-5CD87F8A96FD}.Release|Any CPU.ActiveCfg = Release|Any CPU
		{2435948A-C5AC-4DEB-E179-5CD87F8A96FD}.Release|Any CPU.Build.0 = Release|Any CPU
		{2D59CD4E-86E9-C75E-EAF8-79C5FD2C87AD}.Debug|Any CPU.ActiveCfg = Debug|Any CPU
		{2D59CD4E-86E9-C75E-EAF8-79C5FD2C87AD}.Debug|Any CPU.Build.0 = Debug|Any CPU
		{2D59CD4E-86E9-C75E-EAF8-79C5FD2C87AD}.Release|Any CPU.ActiveCfg = Release|Any CPU
		{2D59CD4E-86E9-C75E-EAF8-79C5FD2C87AD}.Release|Any CPU.Build.0 = Release|Any CPU
		{84CA7B86-7807-1941-4810-2A4BF7043185}.Debug|Any CPU.ActiveCfg = Debug|Any CPU
		{84CA7B86-7807-1941-4810-2A4BF7043185}.Debug|Any CPU.Build.0 = Debug|Any CPU
		{84CA7B86-7807-1941-4810-2A4BF7043185}.Release|Any CPU.ActiveCfg = Release|Any CPU
		{84CA7B86-7807-1941-4810-2A4BF7043185}.Release|Any CPU.Build.0 = Release|Any CPU
	EndGlobalSection
	GlobalSection(SolutionProperties) = preSolution
		HideSolutionNode = FALSE
	EndGlobalSection
EndGlobal
