
Microsoft Visual Studio Solution File, Format Version 11.00
# Visual Studio 2010
Project("{FAE04EC0-301F-11D3-BF4B-00C04F79EFBC}") = "UnityEngine.UI", "UnityEngine.UI.csproj", "{f468af75-4916-064b-6450-2fcf9b0d4c6b}"
EndProject
Project("{FAE04EC0-301F-11D3-BF4B-00C04F79EFBC}") = "Unity.2D.Tilemap.Extras", "Unity.2D.Tilemap.Extras.csproj", "{e3813dab-6fe4-5332-14cc-694f68f4d0cf}"
EndProject
Project("{FAE04EC0-301F-11D3-BF4B-00C04F79EFBC}") = "Assembly-CSharp", "Assembly-CSharp.csproj", "{509f3399-6dad-4ad2-0dc5-c637602ed275}"
EndProject
Project("{FAE04EC0-301F-11D3-BF4B-00C04F79EFBC}") = "Unity.2D.Sprite.Editor", "Unity.2D.Sprite.Editor.csproj", "{1868001d-cc12-70e8-4ea8-27c6e7e6bacb}"
EndProject
Project("{FAE04EC0-301F-11D3-BF4B-00C04F79EFBC}") = "UnityEditor.UI", "UnityEditor.UI.csproj", "{1529384e-eded-55f7-601e-3adc1fbb961e}"
EndProject
Project("{FAE04EC0-301F-11D3-BF4B-00C04F79EFBC}") = "Unity.2D.Tilemap.Extras.Editor", "Unity.2D.Tilemap.Extras.Editor.csproj", "{c6280848-b50d-a321-76f6-cc071a501dda}"
EndProject
Project("{FAE04EC0-301F-11D3-BF4B-00C04F79EFBC}") = "Unity.2D.Tilemap.Editor", "Unity.2D.Tilemap.Editor.csproj", "{10a4b725-3ad2-d019-f606-fd9865cc1b43}"
EndProject
Project("{FAE04EC0-301F-11D3-BF4B-00C04F79EFBC}") = "Unity.2D.Tilemap.Extras.Placeholder.EditorTests", "Unity.2D.Tilemap.Extras.Placeholder.EditorTests.csproj", "{7e5a4f05-e660-7199-1fbd-7606c51f487a}"
EndProject
Project("{FAE04EC0-301F-11D3-BF4B-00C04F79EFBC}") = "Assembly-CSharp-Editor", "Assembly-CSharp-Editor.csproj", "{15479ab7-716e-ba5a-ed3c-4c441def6f1c}"
EndProject
Global
	GlobalSection(SolutionConfigurationPlatforms) = preSolution
		Debug|Any CPU = Debug|Any CPU
	EndGlobalSection
	GlobalSection(ProjectConfigurationPlatforms) = postSolution
		{f468af75-4916-064b-6450-2fcf9b0d4c6b}.Debug|Any CPU.ActiveCfg = Debug|Any CPU
		{f468af75-4916-064b-6450-2fcf9b0d4c6b}.Debug|Any CPU.Build.0 = Debug|Any CPU
		{e3813dab-6fe4-5332-14cc-694f68f4d0cf}.Debug|Any CPU.ActiveCfg = Debug|Any CPU
		{e3813dab-6fe4-5332-14cc-694f68f4d0cf}.Debug|Any CPU.Build.0 = Debug|Any CPU
		{509f3399-6dad-4ad2-0dc5-c637602ed275}.Debug|Any CPU.ActiveCfg = Debug|Any CPU
		{509f3399-6dad-4ad2-0dc5-c637602ed275}.Debug|Any CPU.Build.0 = Debug|Any CPU
		{1868001d-cc12-70e8-4ea8-27c6e7e6bacb}.Debug|Any CPU.ActiveCfg = Debug|Any CPU
		{1868001d-cc12-70e8-4ea8-27c6e7e6bacb}.Debug|Any CPU.Build.0 = Debug|Any CPU
		{1529384e-eded-55f7-601e-3adc1fbb961e}.Debug|Any CPU.ActiveCfg = Debug|Any CPU
		{1529384e-eded-55f7-601e-3adc1fbb961e}.Debug|Any CPU.Build.0 = Debug|Any CPU
		{c6280848-b50d-a321-76f6-cc071a501dda}.Debug|Any CPU.ActiveCfg = Debug|Any CPU
		{c6280848-b50d-a321-76f6-cc071a501dda}.Debug|Any CPU.Build.0 = Debug|Any CPU
		{10a4b725-3ad2-d019-f606-fd9865cc1b43}.Debug|Any CPU.ActiveCfg = Debug|Any CPU
		{10a4b725-3ad2-d019-f606-fd9865cc1b43}.Debug|Any CPU.Build.0 = Debug|Any CPU
		{7e5a4f05-e660-7199-1fbd-7606c51f487a}.Debug|Any CPU.ActiveCfg = Debug|Any CPU
		{7e5a4f05-e660-7199-1fbd-7606c51f487a}.Debug|Any CPU.Build.0 = Debug|Any CPU
		{15479ab7-716e-ba5a-ed3c-4c441def6f1c}.Debug|Any CPU.ActiveCfg = Debug|Any CPU
		{15479ab7-716e-ba5a-ed3c-4c441def6f1c}.Debug|Any CPU.Build.0 = Debug|Any CPU
	EndGlobalSection
	GlobalSection(SolutionProperties) = preSolution
		HideSolutionNode = FALSE
	EndGlobalSection
EndGlobal
